
Microsoft Visual Studio Solution File, Format Version 12.00
# Visual Studio 15
VisualStudioVersion = 15.0.28307.645
MinimumVisualStudioVersion = 10.0.40219.1
Project("{FAE04EC0-301F-11D3-BF4B-00C04F79EFBC}") = "Arvores", "Arvores\Arvores.csproj", "{BDC1BD14-2947-4B8E-B8AE-D37026289105}"
EndProject
Global
	GlobalSection(SolutionConfigurationPlatforms) = preSolution
		Debug|Any CPU = Debug|Any CPU
		Release|Any CPU = Release|Any CPU
	EndGlobalSection
	GlobalSection(ProjectConfigurationPlatforms) = postSolution
		{BDC1BD14-2947-4B8E-B8AE-D37026289105}.Debug|Any CPU.ActiveCfg = Debug|Any CPU
		{BDC1BD14-2947-4B8E-B8AE-D37026289105}.Debug|Any CPU.Build.0 = Debug|Any CPU
		{BDC1BD14-2947-4B8E-B8AE-D37026289105}.Release|Any CPU.ActiveCfg = Release|Any CPU
		{BDC1BD14-2947-4B8E-B8AE-D37026289105}.Release|Any CPU.Build.0 = Release|Any CPU
	EndGlobalSection
	GlobalSection(SolutionProperties) = preSolution
		HideSolutionNode = FALSE
	EndGlobalSection
	GlobalSection(ExtensibilityGlobals) = postSolution
		SolutionGuid = {3945D207-E46C-43E6-974E-D75EB86A900E}
	EndGlobalSection
EndGlobal
